
Microsoft Visual Studio Solution File, Format Version 12.00
# Visual Studio Version 17
VisualStudioVersion = 17.5.33530.505
MinimumVisualStudioVersion = 10.0.40219.1
Project("{FAE04EC0-301F-11D3-BF4B-00C04F79EFBC}") = "check_str_array", "check_str_array\check_str_array.csproj", "{B40952B6-9C97-41DA-9C27-32FF2DDF1802}"
EndProject
Global
	GlobalSection(SolutionConfigurationPlatforms) = preSolution
		Debug|Any CPU = Debug|Any CPU
		Release|Any CPU = Release|Any CPU
	EndGlobalSection
	GlobalSection(ProjectConfigurationPlatforms) = postSolution
		{B40952B6-9C97-41DA-9C27-32FF2DDF1802}.Debug|Any CPU.ActiveCfg = Debug|Any CPU
		{B40952B6-9C97-41DA-9C27-32FF2DDF1802}.Debug|Any CPU.Build.0 = Debug|Any CPU
		{B40952B6-9C97-41DA-9C27-32FF2DDF1802}.Release|Any CPU.ActiveCfg = Release|Any CPU
		{B40952B6-9C97-41DA-9C27-32FF2DDF1802}.Release|Any CPU.Build.0 = Release|Any CPU
	EndGlobalSection
	GlobalSection(SolutionProperties) = preSolution
		HideSolutionNode = FALSE
	EndGlobalSection
	GlobalSection(ExtensibilityGlobals) = postSolution
		SolutionGuid = {EAD86ADE-C081-4CF5-BAB8-26A0AED30588}
	EndGlobalSection
EndGlobal
